{
    "_readme": [
        "This file locks the dependencies of your project to a known state",
        "Read more about it at https://getcomposer.org/doc/01-basic-usage.md#installing-dependencies",
        "This file is @generated automatically"
    ],
    "content-hash": "0fb2cdc8fc9943f27ff36454c9e6e47b",
    "packages": [
        {
            "name": "flightphp/core",
            "version": "v3.12.0",
            "source": {
                "type": "git",
                "url": "https://github.com/flightphp/core.git",
                "reference": "63fbf9b0316969e8aa6c318f8479d1ed0578f9b4"
            },
            "dist": {
                "type": "zip",
                "url": "https://api.github.com/repos/flightphp/core/zipball/63fbf9b0316969e8aa6c318f8479d1ed0578f9b4",
                "reference": "63fbf9b0316969e8aa6c318f8479d1ed0578f9b4",
                "shasum": ""
            },
            "require": {
                "ext-json": "*",
                "php": ">=7.4"
            },
            "replace": {
                "mikecao/flight": "2.0.2"
            },
            "require-dev": {
                "ext-pdo_sqlite": "*",
                "flightphp/runway": "^0.2.0",
                "league/container": "^4.2",
                "level-2/dice": "^4.0",
                "phpstan/extension-installer": "^1.3",
                "phpstan/phpstan": "^1.10",
                "phpunit/phpunit": "^9.5",
                "rregeer/phpunit-coverage-check": "^0.3.1",
                "squizlabs/php_codesniffer": "^3.8"
            },
            "suggest": {
                "latte/latte": "Latte template engine",
                "phpstan/phpstan": "PHP Static Analyzer",
                "tracy/tracy": "Tracy debugger"
            },
            "type": "library",
            "autoload": {
                "files": [
                    "flight/autoload.php"
                ]
            },
            "notification-url": "https://packagist.org/downloads/",
            "license": [
                "MIT"
            ],
            "authors": [
                {
                    "name": "Mike Cao",
                    "email": "mike@mikecao.com",
                    "homepage": "http://www.mikecao.com/",
                    "role": "Original Developer"
                },
                {
                    "name": "Franyer Sánchez",
                    "email": "franyeradriansanchez@gmail.com",
                    "homepage": "https://faslatam.000webhostapp.com",
                    "role": "Maintainer"
                },
                {
                    "name": "n0nag0n",
                    "email": "n0nag0n@sky-9.com",
                    "role": "Maintainer"
                }
            ],
            "description": "Flight is a fast, simple, extensible framework for PHP. Flight enables you to quickly and easily build RESTful web applications. This is the maintained fork of mikecao/flight",
            "homepage": "http://flightphp.com",
            "support": {
                "issues": "https://github.com/flightphp/core/issues",
                "source": "https://github.com/flightphp/core/tree/v3.12.0"
            },
            "time": "2024-08-22T17:05:34+00:00"
        },
        {
            "name": "geekgroveofficial/php-smart-validator",
            "version": "v1.0.2",
            "source": {
                "type": "git",
                "url": "https://github.com/geekGroveOfficial/php-smart-validator.git",
                "reference": "20f93ad0327d5697837f66715fb137e351e31af2"
            },
            "dist": {
                "type": "zip",
                "url": "https://api.github.com/repos/geekGroveOfficial/php-smart-validator/zipball/20f93ad0327d5697837f66715fb137e351e31af2",
                "reference": "20f93ad0327d5697837f66715fb137e351e31af2",
                "shasum": ""
            },
            "require": {
                "php": "^8.0"
            },
            "require-dev": {
                "laravel/pint": "*",
                "phpunit/phpunit": "^11.0"
            },
            "type": "library",
            "autoload": {
                "psr-4": {
                    "GeekGroveOfficial\\PhpSmartValidator\\": "src/"
                }
            },
            "notification-url": "https://packagist.org/downloads/",
            "license": [
                "MIT"
            ],
            "description": "A smart validation package for PHP",
            "support": {
                "issues": "https://github.com/geekGroveOfficial/php-smart-validator/issues",
                "source": "https://github.com/geekGroveOfficial/php-smart-validator/tree/v1.0.2"
            },
            "time": "2024-08-31T22:05:04+00:00"
        }
    ],
    "packages-dev": [],
    "aliases": [],
    "minimum-stability": "stable",
    "stability-flags": [],
    "prefer-stable": false,
    "prefer-lowest": false,
    "platform": [],
    "platform-dev": [],
    "plugin-api-version": "2.6.0"
}
